
Microsoft Visual Studio Solution File, Format Version 12.00
# Visual Studio Version 16
VisualStudioVersion = 25.0.1704.1
MinimumVisualStudioVersion = 10.0.40219.1
Project("{FAE04EC0-301F-11D3-BF4B-00C04F79EFBC}") = "ApiSignalrBG", "ApiSignalrBG\ApiSignalrBG.csproj", "{924F334E-862F-4ED6-A9EA-EF0685C48535}"
EndProject
Project("{E53339B2-1760-4266-BCC7-CA923CBCF16C}") = "docker-compose", "docker-compose.dcproj", "{E92FFB33-B537-46E1-BA00-208A96956745}"
EndProject
Global
	GlobalSection(SolutionConfigurationPlatforms) = preSolution
		Debug|Any CPU = Debug|Any CPU
		Release|Any CPU = Release|Any CPU
	EndGlobalSection
	GlobalSection(ProjectConfigurationPlatforms) = postSolution
		{924F334E-862F-4ED6-A9EA-EF0685C48535}.Debug|Any CPU.ActiveCfg = Debug|Any CPU
		{924F334E-862F-4ED6-A9EA-EF0685C48535}.Debug|Any CPU.Build.0 = Debug|Any CPU
		{924F334E-862F-4ED6-A9EA-EF0685C48535}.Release|Any CPU.ActiveCfg = Release|Any CPU
		{924F334E-862F-4ED6-A9EA-EF0685C48535}.Release|Any CPU.Build.0 = Release|Any CPU
		{E92FFB33-B537-46E1-BA00-208A96956745}.Debug|Any CPU.ActiveCfg = Debug|Any CPU
		{E92FFB33-B537-46E1-BA00-208A96956745}.Debug|Any CPU.Build.0 = Debug|Any CPU
		{E92FFB33-B537-46E1-BA00-208A96956745}.Release|Any CPU.ActiveCfg = Release|Any CPU
		{E92FFB33-B537-46E1-BA00-208A96956745}.Release|Any CPU.Build.0 = Release|Any CPU
	EndGlobalSection
	GlobalSection(SolutionProperties) = preSolution
		HideSolutionNode = FALSE
	EndGlobalSection
	GlobalSection(ExtensibilityGlobals) = postSolution
		SolutionGuid = {2A81A4B9-EB2D-46FD-8695-AFAE5190FF91}
	EndGlobalSection
EndGlobal
